
Microsoft Visual Studio Solution File, Format Version 12.00
# Visual Studio Version 17
VisualStudioVersion = 17.8.34408.163
MinimumVisualStudioVersion = 10.0.40219.1
Project("{FAE04EC0-301F-11D3-BF4B-00C04F79EFBC}") = "Assignment1", "Assignment1\Assignment1.csproj", "{1210580D-20DA-4B00-B2EC-9C92BC44BDEC}"
EndProject
Global
	GlobalSection(SolutionConfigurationPlatforms) = preSolution
		Debug|Any CPU = Debug|Any CPU
		Release|Any CPU = Release|Any CPU
	EndGlobalSection
	GlobalSection(ProjectConfigurationPlatforms) = postSolution
		{1210580D-20DA-4B00-B2EC-9C92BC44BDEC}.Debug|Any CPU.ActiveCfg = Debug|Any CPU
		{1210580D-20DA-4B00-B2EC-9C92BC44BDEC}.Debug|Any CPU.Build.0 = Debug|Any CPU
		{1210580D-20DA-4B00-B2EC-9C92BC44BDEC}.Release|Any CPU.ActiveCfg = Release|Any CPU
		{1210580D-20DA-4B00-B2EC-9C92BC44BDEC}.Release|Any CPU.Build.0 = Release|Any CPU
	EndGlobalSection
	GlobalSection(SolutionProperties) = preSolution
		HideSolutionNode = FALSE
	EndGlobalSection
	GlobalSection(ExtensibilityGlobals) = postSolution
		SolutionGuid = {C6BC753F-B078-4A1C-9ECF-69764C55BB6B}
	EndGlobalSection
EndGlobal
